
Microsoft Visual Studio Solution File, Format Version 12.00
# Visual Studio Version 17
VisualStudioVersion = 17.9.34902.65
MinimumVisualStudioVersion = 10.0.40219.1
Project("{9A19103F-16F7-4668-BE54-9A1E7A4F7556}") = "Counter", "Counter.csproj", "{1989A15E-6DCF-4673-A06C-C5810E5694A4}"
EndProject
Project("{930C7802-8A8C-48F9-8165-68863BCCD9DD}") = "SetupProject1D", "..\SetupProject1D\SetupProject1D.wixproj", "{4980162B-03D7-4A19-8C5C-5E8FABFF24AE}"
EndProject
Global
	GlobalSection(SolutionConfigurationPlatforms) = preSolution
		Debug|Any CPU = Debug|Any CPU
		Debug|x86 = Debug|x86
		Release|Any CPU = Release|Any CPU
		Release|x86 = Release|x86
	EndGlobalSection
	GlobalSection(ProjectConfigurationPlatforms) = postSolution
		{1989A15E-6DCF-4673-A06C-C5810E5694A4}.Debug|Any CPU.ActiveCfg = Debug|Any CPU
		{1989A15E-6DCF-4673-A06C-C5810E5694A4}.Debug|Any CPU.Build.0 = Debug|Any CPU
		{1989A15E-6DCF-4673-A06C-C5810E5694A4}.Debug|x86.ActiveCfg = Debug|Any CPU
		{1989A15E-6DCF-4673-A06C-C5810E5694A4}.Debug|x86.Build.0 = Debug|Any CPU
		{1989A15E-6DCF-4673-A06C-C5810E5694A4}.Release|Any CPU.ActiveCfg = Release|Any CPU
		{1989A15E-6DCF-4673-A06C-C5810E5694A4}.Release|Any CPU.Build.0 = Release|Any CPU
		{1989A15E-6DCF-4673-A06C-C5810E5694A4}.Release|x86.ActiveCfg = Release|Any CPU
		{1989A15E-6DCF-4673-A06C-C5810E5694A4}.Release|x86.Build.0 = Release|Any CPU
		{4980162B-03D7-4A19-8C5C-5E8FABFF24AE}.Debug|Any CPU.ActiveCfg = Debug|x86
		{4980162B-03D7-4A19-8C5C-5E8FABFF24AE}.Debug|Any CPU.Build.0 = Debug|x86
		{4980162B-03D7-4A19-8C5C-5E8FABFF24AE}.Debug|x86.ActiveCfg = Debug|x86
		{4980162B-03D7-4A19-8C5C-5E8FABFF24AE}.Debug|x86.Build.0 = Debug|x86
		{4980162B-03D7-4A19-8C5C-5E8FABFF24AE}.Release|Any CPU.ActiveCfg = Release|x86
		{4980162B-03D7-4A19-8C5C-5E8FABFF24AE}.Release|Any CPU.Build.0 = Release|x86
		{4980162B-03D7-4A19-8C5C-5E8FABFF24AE}.Release|x86.ActiveCfg = Release|x86
		{4980162B-03D7-4A19-8C5C-5E8FABFF24AE}.Release|x86.Build.0 = Release|x86
	EndGlobalSection
	GlobalSection(SolutionProperties) = preSolution
		HideSolutionNode = FALSE
	EndGlobalSection
	GlobalSection(ExtensibilityGlobals) = postSolution
		SolutionGuid = {40D3CD22-7B4A-4B8E-90DA-5A9644586D8B}
	EndGlobalSection
EndGlobal
